PODS:
  - AFNetworking (4.0.1):
    - AFNetworking/NSURLSession (= 4.0.1)
    - AFNetworking/Reachability (= 4.0.1)
    - AFNetworking/Security (= 4.0.1)
    - AFNetworking/Serialization (= 4.0.1)
    - AFNetworking/UIKit (= 4.0.1)
  - AFNetworking/NSURLSession (4.0.1):
    - AFNetworking/Reachability
    - AFNetworking/Security
    - AFNetworking/Serialization
  - AFNetworking/Reachability (4.0.1)
  - AFNetworking/Security (4.0.1)
  - AFNetworking/Serialization (4.0.1)
  - AFNetworking/UIKit (4.0.1):
    - AFNetworking/NSURLSession
  - DZNEmptyDataSet (1.8.1)
  - FMDB (2.7.5):
    - FMDB/standard (= 2.7.5)
  - FMDB/standard (2.7.5)
  - HUPhotoBrowser (1.4.5):
    - SVProgressHUD
  - IQKeyboardManager (6.5.6)
  - JCore (4.1.0)
  - JPush (4.9.0):
    - JCore (>= 2.0.0)
  - Masonry (1.1.0)
  - MJExtension (3.4.1)
  - MJRefresh (3.7.5)
  - MLLabel (1.10.5)
  - MMScan (0.0.9)
  - pop (1.0.12)
  - SDAutoLayout (2.2.1)
  - SDWebImage (4.0.0):
    - SDWebImage/Core (= 4.0.0)
  - SDWebImage/Core (4.0.0)
  - SJBaseVideoPlayer (3.7.6):
    - Masonry
    - SJBaseVideoPlayer/AVPlayer (= 3.7.6)
    - SJBaseVideoPlayer/Common (= 3.7.6)
    - SJUIKit/AttributesFactory (>= 0.0.0.38)
    - SJUIKit/ObserverHelper
    - SJUIKit/Queues
    - SJUIKit/SQLite3
  - SJBaseVideoPlayer/AVPlayer (3.7.6):
    - Masonry
    - SJBaseVideoPlayer/Common
    - SJUIKit/AttributesFactory (>= 0.0.0.38)
    - SJUIKit/ObserverHelper
    - SJUIKit/Queues
    - SJUIKit/SQLite3
  - SJBaseVideoPlayer/Common (3.7.6):
    - Masonry
    - SJBaseVideoPlayer/ResourceLoader
    - SJUIKit/AttributesFactory (>= 0.0.0.38)
    - SJUIKit/ObserverHelper
    - SJUIKit/Queues
    - SJUIKit/SQLite3
  - SJBaseVideoPlayer/ResourceLoader (3.7.6):
    - Masonry
    - SJUIKit/AttributesFactory (>= 0.0.0.38)
    - SJUIKit/ObserverHelper
    - SJUIKit/Queues
    - SJUIKit/SQLite3
  - SJUIKit/AttributesFactory (0.0.0.59):
    - SJUIKit/AttributesFactory/Deprecated (= 0.0.0.59)
    - SJUIKit/AttributesFactory/UIKitText (= 0.0.0.59)
  - SJUIKit/AttributesFactory/Deprecated (0.0.0.59)
  - SJUIKit/AttributesFactory/UIKitText (0.0.0.59)
  - SJUIKit/ObserverHelper (0.0.0.59)
  - SJUIKit/Queues (0.0.0.59)
  - SJUIKit/SQLite3 (0.0.0.59):
    - SJUIKit/SQLite3/Core (= 0.0.0.59)
    - SJUIKit/SQLite3/Protocol (= 0.0.0.59)
    - YYModel
  - SJUIKit/SQLite3/Core (0.0.0.59):
    - SJUIKit/SQLite3/Protocol
    - YYModel
  - SJUIKit/SQLite3/Protocol (0.0.0.59):
    - YYModel
  - SJVideoPlayer (3.4.3):
    - SJBaseVideoPlayer (>= 3.7.5)
    - SJVideoPlayer/Common (= 3.4.3)
    - SJVideoPlayer/ControlLayers (= 3.4.3)
    - SJVideoPlayer/ResourceLoader (= 3.4.3)
  - SJVideoPlayer/Common (3.4.3):
    - Masonry
    - SJBaseVideoPlayer (>= 3.7.5)
    - SJUIKit/AttributesFactory
    - SJVideoPlayer/ResourceLoader
  - SJVideoPlayer/ControlLayers (3.4.3):
    - SJBaseVideoPlayer (>= 3.7.5)
    - SJVideoPlayer/Common
  - SJVideoPlayer/ResourceLoader (3.4.3):
    - SJBaseVideoPlayer (>= 3.7.5)
  - SVProgressHUD (2.2.5)
  - TTTAttributedLabel (2.0.0)
  - TZImagePickerController (3.5.8)
  - UUButton (1.1)
  - WechatOpenSDK (1.8.7.1)
  - "XLPhotoBrowser+CoderXL (1.2.0)":
    - SDWebImage (~> 4.0.0)
  - YNPageViewController (0.2.6)
  - YYModel (1.0.4)
  - YYText (1.0.7)

DEPENDENCIES:
  - AFNetworking
  - DZNEmptyDataSet
  - FMDB
  - HUPhotoBrowser
  - IQKeyboardManager
  - JCore
  - JPush
  - Masonry
  - MJExtension
  - MJRefresh
  - MLLabel
  - MMScan
  - pop
  - SDAutoLayout
  - SDWebImage
  - SJVideoPlayer
  - SVProgressHUD
  - TTTAttributedLabel
  - TZImagePickerController
  - UUButton
  - WechatOpenSDK
  - "XLPhotoBrowser+CoderXL"
  - YNPageViewController
  - YYModel
  - YYText

SPEC REPOS:
  trunk:
    - AFNetworking
    - DZNEmptyDataSet
    - FMDB
    - HUPhotoBrowser
    - IQKeyboardManager
    - JCore
    - JPush
    - Masonry
    - MJExtension
    - MJRefresh
    - MLLabel
    - MMScan
    - pop
    - SDAutoLayout
    - SDWebImage
    - SJBaseVideoPlayer
    - SJUIKit
    - SJVideoPlayer
    - SVProgressHUD
    - TTTAttributedLabel
    - TZImagePickerController
    - UUButton
    - WechatOpenSDK
    - "XLPhotoBrowser+CoderXL"
    - YNPageViewController
    - YYModel
    - YYText

SPEC CHECKSUMS:
  AFNetworking: 3bd23d814e976cd148d7d44c3ab78017b744cd58
  DZNEmptyDataSet: 9525833b9e68ac21c30253e1d3d7076cc828eaa7
  FMDB: 2ce00b547f966261cd18927a3ddb07cb6f3db82a
  HUPhotoBrowser: 87a8333c111a4e71ebf5400bf66d0eeb522c0098
  IQKeyboardManager: 2a6e97afdafc7becf0cb17a9a8d795e3a980717f
  JCore: ea26a5dde38ebf6e4e85b772d4ecce8e0e95fb55
  JPush: 3d67f9844abca401a2beff8381dac015e09253a7
  Masonry: 678fab65091a9290e40e2832a55e7ab731aad201
  MJExtension: 21c5f6f8c4d5d8844b7ae8fbae08fed0b501f961
  MJRefresh: fdf5e979eb406a0341468932d1dfc8b7f9fce961
  MLLabel: d76124055a2205e7f76878e62cd06ba925ba0c97
  MMScan: e182b66f76bfb0cf1bb8c9b0a3eb1c8431385f99
  pop: d582054913807fd11fd50bfe6a539d91c7e1a55a
  SDAutoLayout: 8bf6b3bbc8b01f775d4defbb4fda2ace805461be
  SDWebImage: 76a6348bdc74eb5a55dd08a091ef298e56b55e41
  SJBaseVideoPlayer: f15debaa8c1e27b63bdefc8caeec515e9c71d079
  SJUIKit: a40111941e408cc17d4c1c23495aa92999e814b0
  SJVideoPlayer: 4f09814f58522e0975cb2dccfda925f6c8643467
  SVProgressHUD: 1428aafac632c1f86f62aa4243ec12008d7a51d6
  TTTAttributedLabel: 8cffe8e127e4e82ff3af1e5386d4cd0ad000b656
  TZImagePickerController: 7fd9702897ef8c0b7c951e5463f4bcf398296f9e
  UUButton: 9a19bbe0c812a6920de21da8acca7a2d0bad52da
  WechatOpenSDK: 6a4d1436c15b3b5fe2a0bd383f3046010186da44
  "XLPhotoBrowser+CoderXL": 2bf4036e2af4611b24bde1681e24c64ed01fbe98
  YNPageViewController: 33040d429adf0b415d4449ffeec848d8339934ea
  YYModel: 2a7fdd96aaa4b86a824e26d0c517de8928c04b30
  YYText: 5c461d709e24d55a182d1441c41dc639a18a4849

PODFILE CHECKSUM: 1044dfaf36b1e1ccdec1b28d1840157ed7b7bdf3

COCOAPODS: 1.11.3
